
Microsoft Visual Studio Solution File, Format Version 12.00
# Visual Studio 15
Project("{FAE04EC0-301F-11D3-BF4B-00C04F79EFBC}") = "INTEGRA_7.Android", "INTEGRA_7.Android\INTEGRA_7.Android.csproj", "{59BAF11E-B016-43CE-AAEB-48005AF42645}"
EndProject
Project("{FAE04EC0-301F-11D3-BF4B-00C04F79EFBC}") = "INTEGRA_7.iOS", "INTEGRA_7.iOS\INTEGRA_7.iOS.csproj", "{8E637038-DDFB-4B74-8DB4-081B93BBA5F6}"
EndProject
Project("{FAE04EC0-301F-11D3-BF4B-00C04F79EFBC}") = "INTEGRA_7", "INTEGRA_7\INTEGRA_7.csproj", "{F506EE94-426C-43CA-9DB6-B58D8E105EFB}"
EndProject
Project("{FAE04EC0-301F-11D3-BF4B-00C04F79EFBC}") = "INTEGRA_7_MacOS", "INTEGRA_7_MacOS\INTEGRA_7_MacOS.csproj", "{0E1F3AF1-4E4E-4ED7-B4FB-6563DC39B9A2}"
EndProject
Global
	GlobalSection(SolutionConfigurationPlatforms) = preSolution
		Debug|Any CPU = Debug|Any CPU
		Release|Any CPU = Release|Any CPU
		Debug|iPhoneSimulator = Debug|iPhoneSimulator
		Release|iPhoneSimulator = Release|iPhoneSimulator
		Debug|iPhone = Debug|iPhone
		Release|iPhone = Release|iPhone
	EndGlobalSection
	GlobalSection(ProjectConfigurationPlatforms) = postSolution
		{59BAF11E-B016-43CE-AAEB-48005AF42645}.Debug|Any CPU.ActiveCfg = Debug|Any CPU
		{59BAF11E-B016-43CE-AAEB-48005AF42645}.Debug|Any CPU.Build.0 = Debug|Any CPU
		{59BAF11E-B016-43CE-AAEB-48005AF42645}.Release|Any CPU.ActiveCfg = Release|Any CPU
		{59BAF11E-B016-43CE-AAEB-48005AF42645}.Release|Any CPU.Build.0 = Release|Any CPU
		{59BAF11E-B016-43CE-AAEB-48005AF42645}.Debug|iPhoneSimulator.ActiveCfg = Debug|Any CPU
		{59BAF11E-B016-43CE-AAEB-48005AF42645}.Debug|iPhoneSimulator.Build.0 = Debug|Any CPU
		{59BAF11E-B016-43CE-AAEB-48005AF42645}.Release|iPhoneSimulator.ActiveCfg = Release|Any CPU
		{59BAF11E-B016-43CE-AAEB-48005AF42645}.Release|iPhoneSimulator.Build.0 = Release|Any CPU
		{59BAF11E-B016-43CE-AAEB-48005AF42645}.Debug|iPhone.ActiveCfg = Debug|Any CPU
		{59BAF11E-B016-43CE-AAEB-48005AF42645}.Debug|iPhone.Build.0 = Debug|Any CPU
		{59BAF11E-B016-43CE-AAEB-48005AF42645}.Release|iPhone.ActiveCfg = Release|Any CPU
		{59BAF11E-B016-43CE-AAEB-48005AF42645}.Release|iPhone.Build.0 = Release|Any CPU
		{8E637038-DDFB-4B74-8DB4-081B93BBA5F6}.Debug|Any CPU.ActiveCfg = Debug|iPhoneSimulator
		{8E637038-DDFB-4B74-8DB4-081B93BBA5F6}.Debug|Any CPU.Build.0 = Debug|iPhoneSimulator
		{8E637038-DDFB-4B74-8DB4-081B93BBA5F6}.Release|Any CPU.ActiveCfg = Release|iPhoneSimulator
		{8E637038-DDFB-4B74-8DB4-081B93BBA5F6}.Release|Any CPU.Build.0 = Release|iPhoneSimulator
		{8E637038-DDFB-4B74-8DB4-081B93BBA5F6}.Debug|iPhoneSimulator.ActiveCfg = Debug|iPhoneSimulator
		{8E637038-DDFB-4B74-8DB4-081B93BBA5F6}.Debug|iPhoneSimulator.Build.0 = Debug|iPhoneSimulator
		{8E637038-DDFB-4B74-8DB4-081B93BBA5F6}.Release|iPhoneSimulator.ActiveCfg = Release|iPhoneSimulator
		{8E637038-DDFB-4B74-8DB4-081B93BBA5F6}.Release|iPhoneSimulator.Build.0 = Release|iPhoneSimulator
		{8E637038-DDFB-4B74-8DB4-081B93BBA5F6}.Debug|iPhone.ActiveCfg = Debug|iPhone
		{8E637038-DDFB-4B74-8DB4-081B93BBA5F6}.Debug|iPhone.Build.0 = Debug|iPhone
		{8E637038-DDFB-4B74-8DB4-081B93BBA5F6}.Release|iPhone.ActiveCfg = Release|iPhone
		{8E637038-DDFB-4B74-8DB4-081B93BBA5F6}.Release|iPhone.Build.0 = Release|iPhone
		{F506EE94-426C-43CA-9DB6-B58D8E105EFB}.Debug|Any CPU.ActiveCfg = Debug|Any CPU
		{F506EE94-426C-43CA-9DB6-B58D8E105EFB}.Debug|Any CPU.Build.0 = Debug|Any CPU
		{F506EE94-426C-43CA-9DB6-B58D8E105EFB}.Release|Any CPU.ActiveCfg = Release|Any CPU
		{F506EE94-426C-43CA-9DB6-B58D8E105EFB}.Release|Any CPU.Build.0 = Release|Any CPU
		{F506EE94-426C-43CA-9DB6-B58D8E105EFB}.Debug|iPhoneSimulator.ActiveCfg = Debug|Any CPU
		{F506EE94-426C-43CA-9DB6-B58D8E105EFB}.Debug|iPhoneSimulator.Build.0 = Debug|Any CPU
		{F506EE94-426C-43CA-9DB6-B58D8E105EFB}.Release|iPhoneSimulator.ActiveCfg = Release|Any CPU
		{F506EE94-426C-43CA-9DB6-B58D8E105EFB}.Release|iPhoneSimulator.Build.0 = Release|Any CPU
		{F506EE94-426C-43CA-9DB6-B58D8E105EFB}.Debug|iPhone.ActiveCfg = Debug|Any CPU
		{F506EE94-426C-43CA-9DB6-B58D8E105EFB}.Debug|iPhone.Build.0 = Debug|Any CPU
		{F506EE94-426C-43CA-9DB6-B58D8E105EFB}.Release|iPhone.ActiveCfg = Release|Any CPU
		{F506EE94-426C-43CA-9DB6-B58D8E105EFB}.Release|iPhone.Build.0 = Release|Any CPU
		{0E1F3AF1-4E4E-4ED7-B4FB-6563DC39B9A2}.Debug|Any CPU.ActiveCfg = Debug|Any CPU
		{0E1F3AF1-4E4E-4ED7-B4FB-6563DC39B9A2}.Debug|Any CPU.Build.0 = Debug|Any CPU
		{0E1F3AF1-4E4E-4ED7-B4FB-6563DC39B9A2}.Release|Any CPU.ActiveCfg = Release|Any CPU
		{0E1F3AF1-4E4E-4ED7-B4FB-6563DC39B9A2}.Release|Any CPU.Build.0 = Release|Any CPU
		{0E1F3AF1-4E4E-4ED7-B4FB-6563DC39B9A2}.Debug|iPhoneSimulator.ActiveCfg = Debug|Any CPU
		{0E1F3AF1-4E4E-4ED7-B4FB-6563DC39B9A2}.Debug|iPhoneSimulator.Build.0 = Debug|Any CPU
		{0E1F3AF1-4E4E-4ED7-B4FB-6563DC39B9A2}.Release|iPhoneSimulator.ActiveCfg = Release|Any CPU
		{0E1F3AF1-4E4E-4ED7-B4FB-6563DC39B9A2}.Release|iPhoneSimulator.Build.0 = Release|Any CPU
		{0E1F3AF1-4E4E-4ED7-B4FB-6563DC39B9A2}.Debug|iPhone.ActiveCfg = Debug|Any CPU
		{0E1F3AF1-4E4E-4ED7-B4FB-6563DC39B9A2}.Debug|iPhone.Build.0 = Debug|Any CPU
		{0E1F3AF1-4E4E-4ED7-B4FB-6563DC39B9A2}.Release|iPhone.ActiveCfg = Release|Any CPU
		{0E1F3AF1-4E4E-4ED7-B4FB-6563DC39B9A2}.Release|iPhone.Build.0 = Release|Any CPU
	EndGlobalSection
EndGlobal
